
Microsoft Visual Studio Solution File, Format Version 12.00
# Visual Studio 15
VisualStudioVersion = 15.0.28307.489
MinimumVisualStudioVersion = 10.0.40219.1
Project("{8BC9CEB8-8B4A-11D0-8D11-00A0C91BC942}") = "Ex4.2", "Ex4.2\Ex4.2.vcxproj", "{D672FB65-1D8B-4515-B589-249BC951FECC}"
EndProject
Global
	GlobalSection(SolutionConfigurationPlatforms) = preSolution
		Debug|x64 = Debug|x64
		Debug|x86 = Debug|x86
		Release|x64 = Release|x64
		Release|x86 = Release|x86
	EndGlobalSection
	GlobalSection(ProjectConfigurationPlatforms) = postSolution
		{D672FB65-1D8B-4515-B589-249BC951FECC}.Debug|x64.ActiveCfg = Debug|x64
		{D672FB65-1D8B-4515-B589-249BC951FECC}.Debug|x64.Build.0 = Debug|x64
		{D672FB65-1D8B-4515-B589-249BC951FECC}.Debug|x86.ActiveCfg = Debug|Win32
		{D672FB65-1D8B-4515-B589-249BC951FECC}.Debug|x86.Build.0 = Debug|Win32
		{D672FB65-1D8B-4515-B589-249BC951FECC}.Release|x64.ActiveCfg = Release|x64
		{D672FB65-1D8B-4515-B589-249BC951FECC}.Release|x64.Build.0 = Release|x64
		{D672FB65-1D8B-4515-B589-249BC951FECC}.Release|x86.ActiveCfg = Release|Win32
		{D672FB65-1D8B-4515-B589-249BC951FECC}.Release|x86.Build.0 = Release|Win32
	EndGlobalSection
	GlobalSection(SolutionProperties) = preSolution
		HideSolutionNode = FALSE
	EndGlobalSection
	GlobalSection(ExtensibilityGlobals) = postSolution
		SolutionGuid = {6D510D7D-00DE-4BA2-B880-24E8F3BCACBA}
	EndGlobalSection
EndGlobal
